{
  "name": "pwa-complete-guide",
  "version": "1.0.0",
  "lockfileVersion": 3,
  "requires": true,
  "packages": {
    "": {
      "name": "pwa-complete-guide",
      "version": "1.0.0",
      "license": "ISC",
      "devDependencies": {
        "http-server": "0.9.0"
      }
    },
    "node_modules/async": {
      "version": "0.9.0",
      "resolved": "https://registry.npmjs.org/async/-/async-0.9.0.tgz",
      "integrity": "sha512-XQJ3MipmCHAIBBMFfu2jaSetneOrXbSyyqeU3Nod867oNOpS+i9FEms5PWgjMxSgBybRf2IVVLtr1YfrDO+okg==",
      "dev": true
    },
    "node_modules/colors": {
      "version": "1.0.3",
      "dev": true,
      "license": "MIT",
      "engines": {
        "node": ">=0.1.90"
      }
    },
    "node_modules/corser": {
      "version": "2.0.1",
      "dev": true,
      "license": "MIT",
      "engines": {
        "node": ">= 0.4.0"
      }
    },
    "node_modules/ecstatic": {
      "version": "1.4.1",
      "resolved": "https://registry.npmjs.org/ecstatic/-/ecstatic-1.4.1.tgz",
      "integrity": "sha512-VC4nmLt4/3KmKbSXxREmJMs+iAB+VdOzMyugV4YzG6d/2NcHa+b0J5/zKGRWS7efwNLEZP2AIodUUm12wOglng==",
      "deprecated": "This package is unmaintained and deprecated. See the GH Issue 259.",
      "dev": true,
      "dependencies": {
        "he": "^0.5.0",
        "mime": "^1.2.11",
        "minimist": "^1.1.0",
        "url-join": "^1.0.0"
      },
      "bin": {
        "ecstatic": "lib/ecstatic.js"
      }
    },
    "node_modules/eventemitter3": {
      "version": "4.0.7",
      "dev": true,
      "license": "MIT"
    },
    "node_modules/follow-redirects": {
      "version": "1.15.2",
      "dev": true,
      "funding": [
        {
          "type": "individual",
          "url": "https://github.com/sponsors/RubenVerborgh"
        }
      ],
      "license": "MIT",
      "engines": {
        "node": ">=4.0"
      },
      "peerDependenciesMeta": {
        "debug": {
          "optional": true
        }
      }
    },
    "node_modules/he": {
      "version": "0.5.0",
      "resolved": "https://registry.npmjs.org/he/-/he-0.5.0.tgz",
      "integrity": "sha512-DoufbNNOFzwRPy8uecq+j+VCPQ+JyDelHTmSgygrA5TsR8Cbw4Qcir5sGtWiusB4BdT89nmlaVDhSJOqC/33vw==",
      "dev": true,
      "bin": {
        "he": "bin/he"
      }
    },
    "node_modules/http-proxy": {
      "version": "1.18.1",
      "dev": true,
      "license": "MIT",
      "dependencies": {
        "eventemitter3": "^4.0.0",
        "follow-redirects": "^1.0.0",
        "requires-port": "^1.0.0"
      },
      "engines": {
        "node": ">=8.0.0"
      }
    },
    "node_modules/http-server": {
      "version": "0.9.0",
      "resolved": "https://registry.npmjs.org/http-server/-/http-server-0.9.0.tgz",
      "integrity": "sha512-ufsBg3xl4RRokW37Kg1uGS4MKkpfXqRrtuKYDT9QaBxqix9IHZ2QbOk2RDTOM8MJjWRzjozCC5heZX/azjKB6Q==",
      "dev": true,
      "dependencies": {
        "colors": "1.0.3",
        "corser": "~2.0.0",
        "ecstatic": "^1.4.0",
        "http-proxy": "^1.8.1",
        "opener": "~1.4.0",
        "optimist": "0.6.x",
        "portfinder": "0.4.x",
        "union": "~0.4.3"
      },
      "bin": {
        "hs": "bin/http-server",
        "http-server": "bin/http-server"
      }
    },
    "node_modules/mime": {
      "version": "1.6.0",
      "resolved": "https://registry.npmjs.org/mime/-/mime-1.6.0.tgz",
      "integrity": "sha512-x0Vn8spI+wuJ1O6S7gnbaQg8Pxh4NNHb7KSINmEWKiPE4RKOplvijn+NkmYmmRgP68mc70j2EbeTFRsrswaQeg==",
      "dev": true,
      "bin": {
        "mime": "cli.js"
      },
      "engines": {
        "node": ">=4"
      }
    },
    "node_modules/minimist": {
      "version": "1.2.8",
      "resolved": "https://registry.npmjs.org/minimist/-/minimist-1.2.8.tgz",
      "integrity": "sha512-2yyAR8qBkN3YuheJanUpWC5U3bb5osDywNB8RzDVlDwDHbocAJveqqj1u8+SVD7jkWT4yvsHCpWqqWqAxb0zCA==",
      "dev": true,
      "funding": {
        "url": "https://github.com/sponsors/ljharb"
      }
    },
    "node_modules/mkdirp": {
      "version": "0.5.6",
      "resolved": "https://registry.npmjs.org/mkdirp/-/mkdirp-0.5.6.tgz",
      "integrity": "sha512-FP+p8RB8OWpF3YZBCrP5gtADmtXApB5AMLn+vdyA+PyxCjrCs00mjyUozssO33cwDeT3wNGdLxJ5M//YqtHAJw==",
      "dev": true,
      "dependencies": {
        "minimist": "^1.2.6"
      },
      "bin": {
        "mkdirp": "bin/cmd.js"
      }
    },
    "node_modules/opener": {
      "version": "1.4.3",
      "dev": true,
      "license": "(WTFPL OR MIT)",
      "bin": {
        "opener": "opener.js"
      }
    },
    "node_modules/optimist": {
      "version": "0.6.1",
      "dev": true,
      "license": "MIT/X11",
      "dependencies": {
        "minimist": "~0.0.1",
        "wordwrap": "~0.0.2"
      }
    },
    "node_modules/optimist/node_modules/minimist": {
      "version": "0.0.10",
      "dev": true,
      "license": "MIT"
    },
    "node_modules/portfinder": {
      "version": "0.4.0",
      "resolved": "https://registry.npmjs.org/portfinder/-/portfinder-0.4.0.tgz",
      "integrity": "sha512-SZ3hp61WVhwNSS0gf0Fdrx5Yb/wl35qisHuPVM1S0StV8t5XlVZmmJy7/417OELJA7t6ecEmeEzvOaBwq3kCiQ==",
      "dev": true,
      "dependencies": {
        "async": "0.9.0",
        "mkdirp": "0.5.x"
      },
      "engines": {
        "node": ">= 0.8.0"
      }
    },
    "node_modules/qs": {
      "version": "2.3.3",
      "dev": true
    },
    "node_modules/requires-port": {
      "version": "1.0.0",
      "dev": true,
      "license": "MIT"
    },
    "node_modules/union": {
      "version": "0.4.6",
      "dev": true,
      "dependencies": {
        "qs": "~2.3.3"
      },
      "engines": {
        "node": ">= 0.8.0"
      }
    },
    "node_modules/url-join": {
      "version": "1.1.0",
      "resolved": "https://registry.npmjs.org/url-join/-/url-join-1.1.0.tgz",
      "integrity": "sha512-zz1wZk4Lb5PTVwZ3HWDmm8XnlPvmOof6/fjdDPA5yBrUcbtV64U6bV832Zf1BtU2WkBBWaUT46wCs+l0HP5nhg==",
      "dev": true
    },
    "node_modules/wordwrap": {
      "version": "0.0.3",
      "dev": true,
      "license": "MIT",
      "engines": {
        "node": ">=0.4.0"
      }
    }
  }
}
